
Microsoft Visual Studio Solution File, Format Version 12.00
# Visual Studio Version 16
VisualStudioVersion = 16.0.30320.27
MinimumVisualStudioVersion = 10.0.40219.1
Project("{9A19103F-16F7-4668-BE54-9A1E7A4F7556}") = "DeviceDecryptorTool", "DeviceDecryptorTool\DeviceDecryptorTool.csproj", "{8F527CC3-C3C1-47BD-AE7F-06555506DEC8}"
EndProject
Project("{2150E333-8FDC-42A3-9474-1A3956D46DE8}") = "test", "test", "{431010BB-06D3-47E8-9D56-7B6A507B759C}"
EndProject
Project("{2150E333-8FDC-42A3-9474-1A3956D46DE8}") = "source", "source", "{8DAB9E12-3561-4C22-A129-F447D845F70F}"
EndProject
Project("{2150E333-8FDC-42A3-9474-1A3956D46DE8}") = "MSRTrackDecryptor", "MSRTrackDecryptor", "{68782E4F-4C4E-4D53-BD14-2DFCF4788B1E}"
EndProject
Project("{2150E333-8FDC-42A3-9474-1A3956D46DE8}") = "Helpers", "Helpers", "{7DFE5740-49E9-4098-B4C5-A86B19130E37}"
EndProject
Project("{9A19103F-16F7-4668-BE54-9A1E7A4F7556}") = "TestHelper", "..\Test\TestHelper\TestHelper.csproj", "{6B1C5B44-00FB-44FB-8A40-64EEC527EF0A}"
EndProject
Project("{2150E333-8FDC-42A3-9474-1A3956D46DE8}") = "OnlinePinDecryptor", "OnlinePinDecryptor", "{D8933D2C-5BEA-4EF8-B0F4-0A74D6761B1B}"
EndProject
Project("{9A19103F-16F7-4668-BE54-9A1E7A4F7556}") = "OnlinePinDecryptor.Tests", "..\test\OnlinePinDecryptor.Tests\OnlinePinDecryptor.Tests.csproj", "{1F7CAF3E-A08F-4643-89C3-5E1FAB8140C3}"
EndProject
Project("{9A19103F-16F7-4668-BE54-9A1E7A4F7556}") = "MSRTrackDataDecryptor.Tests", "..\test\MSRTrackDataDecryptor.Tests\MSRTrackDataDecryptor.Tests.csproj", "{B54011B4-3229-4641-BE39-004410CBE2CA}"
EndProject
Project("{2150E333-8FDC-42A3-9474-1A3956D46DE8}") = "DUPKT", "DUPKT", "{20B611C2-9ADE-4457-A212-CB7CA413EEF5}"
EndProject
Project("{FAE04EC0-301F-11D3-BF4B-00C04F79EFBC}") = "Dukpt.Test", "..\test\DUPKT\Dukpt.Test.csproj", "{5EB04997-E254-4191-8706-E336A26E62CC}"
EndProject
Project("{2150E333-8FDC-42A3-9474-1A3956D46DE8}") = "Decryptors", "Decryptors", "{243BE1B9-48C9-46CF-A5AD-E0FD29648396}"
EndProject
Project("{2150E333-8FDC-42A3-9474-1A3956D46DE8}") = "Common", "Common", "{A2A6DD25-8E61-4D2B-B93A-5E13FDE37CD8}"
EndProject
Project("{2150E333-8FDC-42A3-9474-1A3956D46DE8}") = "LoggerManager", "LoggerManager", "{D517BAA0-975C-4BED-9652-BA5812113C3B}"
EndProject
Project("{9A19103F-16F7-4668-BE54-9A1E7A4F7556}") = "LoggerManager", "Common\LoggerManager\LoggerManager.csproj", "{CAE7F1B0-FDF0-4AC2-829D-0A95F9EEF41F}"
EndProject
Project("{2150E333-8FDC-42A3-9474-1A3956D46DE8}") = "Helpers", "Helpers", "{366CD6ED-795C-4BFD-9E64-D6C85618DDD1}"
EndProject
Project("{9A19103F-16F7-4668-BE54-9A1E7A4F7556}") = "Helpers", "Common\Helpers\Helpers.csproj", "{D6C783F2-4758-4B7C-B9C2-22FA7842CADB}"
EndProject
Project("{2150E333-8FDC-42A3-9474-1A3956D46DE8}") = "DUPKT", "DUPKT", "{B3C3D570-6010-45E2-A78E-F7947D3E5934}"
EndProject
Project("{2150E333-8FDC-42A3-9474-1A3956D46DE8}") = "MSR", "MSR", "{54FC227E-A175-4550-A602-A6C676793F5C}"
EndProject
Project("{FAE04EC0-301F-11D3-BF4B-00C04F79EFBC}") = "Dukpt", "Decryptors\DUKPT\Dukpt.csproj", "{AABCC2F8-1E73-4279-8414-15BCB9ECA7D9}"
EndProject
Project("{FAE04EC0-301F-11D3-BF4B-00C04F79EFBC}") = "MSR", "Decryptors\MSR\MSR.csproj", "{2D9DE26A-69D2-4A15-B683-945DE9EF8F0B}"
EndProject
Project("{2150E333-8FDC-42A3-9474-1A3956D46DE8}") = "HELPER", "HELPER", "{C852A3D8-47CA-4339-986A-9116A760B086}"
EndProject
Project("{FAE04EC0-301F-11D3-BF4B-00C04F79EFBC}") = "DecryptorsHelper", "Decryptors\HELPER\DecryptorsHelper.csproj", "{B5D45274-1F10-4F5D-9428-283943C6A00E}"
EndProject
Global
	GlobalSection(SolutionConfigurationPlatforms) = preSolution
		Debug|Any CPU = Debug|Any CPU
		Release|Any CPU = Release|Any CPU
	EndGlobalSection
	GlobalSection(ProjectConfigurationPlatforms) = postSolution
		{8F527CC3-C3C1-47BD-AE7F-06555506DEC8}.Debug|Any CPU.ActiveCfg = Debug|Any CPU
		{8F527CC3-C3C1-47BD-AE7F-06555506DEC8}.Debug|Any CPU.Build.0 = Debug|Any CPU
		{8F527CC3-C3C1-47BD-AE7F-06555506DEC8}.Release|Any CPU.ActiveCfg = Release|Any CPU
		{8F527CC3-C3C1-47BD-AE7F-06555506DEC8}.Release|Any CPU.Build.0 = Release|Any CPU
		{6B1C5B44-00FB-44FB-8A40-64EEC527EF0A}.Debug|Any CPU.ActiveCfg = Debug|Any CPU
		{6B1C5B44-00FB-44FB-8A40-64EEC527EF0A}.Debug|Any CPU.Build.0 = Debug|Any CPU
		{6B1C5B44-00FB-44FB-8A40-64EEC527EF0A}.Release|Any CPU.ActiveCfg = Release|Any CPU
		{6B1C5B44-00FB-44FB-8A40-64EEC527EF0A}.Release|Any CPU.Build.0 = Release|Any CPU
		{1F7CAF3E-A08F-4643-89C3-5E1FAB8140C3}.Debug|Any CPU.ActiveCfg = Debug|Any CPU
		{1F7CAF3E-A08F-4643-89C3-5E1FAB8140C3}.Debug|Any CPU.Build.0 = Debug|Any CPU
		{1F7CAF3E-A08F-4643-89C3-5E1FAB8140C3}.Release|Any CPU.ActiveCfg = Release|Any CPU
		{1F7CAF3E-A08F-4643-89C3-5E1FAB8140C3}.Release|Any CPU.Build.0 = Release|Any CPU
		{B54011B4-3229-4641-BE39-004410CBE2CA}.Debug|Any CPU.ActiveCfg = Debug|Any CPU
		{B54011B4-3229-4641-BE39-004410CBE2CA}.Debug|Any CPU.Build.0 = Debug|Any CPU
		{B54011B4-3229-4641-BE39-004410CBE2CA}.Release|Any CPU.ActiveCfg = Release|Any CPU
		{B54011B4-3229-4641-BE39-004410CBE2CA}.Release|Any CPU.Build.0 = Release|Any CPU
		{5EB04997-E254-4191-8706-E336A26E62CC}.Debug|Any CPU.ActiveCfg = Debug|Any CPU
		{5EB04997-E254-4191-8706-E336A26E62CC}.Debug|Any CPU.Build.0 = Debug|Any CPU
		{5EB04997-E254-4191-8706-E336A26E62CC}.Release|Any CPU.ActiveCfg = Release|Any CPU
		{5EB04997-E254-4191-8706-E336A26E62CC}.Release|Any CPU.Build.0 = Release|Any CPU
		{CAE7F1B0-FDF0-4AC2-829D-0A95F9EEF41F}.Debug|Any CPU.ActiveCfg = Debug|Any CPU
		{CAE7F1B0-FDF0-4AC2-829D-0A95F9EEF41F}.Debug|Any CPU.Build.0 = Debug|Any CPU
		{CAE7F1B0-FDF0-4AC2-829D-0A95F9EEF41F}.Release|Any CPU.ActiveCfg = Release|Any CPU
		{CAE7F1B0-FDF0-4AC2-829D-0A95F9EEF41F}.Release|Any CPU.Build.0 = Release|Any CPU
		{D6C783F2-4758-4B7C-B9C2-22FA7842CADB}.Debug|Any CPU.ActiveCfg = Debug|Any CPU
		{D6C783F2-4758-4B7C-B9C2-22FA7842CADB}.Debug|Any CPU.Build.0 = Debug|Any CPU
		{D6C783F2-4758-4B7C-B9C2-22FA7842CADB}.Release|Any CPU.ActiveCfg = Release|Any CPU
		{D6C783F2-4758-4B7C-B9C2-22FA7842CADB}.Release|Any CPU.Build.0 = Release|Any CPU
		{AABCC2F8-1E73-4279-8414-15BCB9ECA7D9}.Debug|Any CPU.ActiveCfg = Debug|Any CPU
		{AABCC2F8-1E73-4279-8414-15BCB9ECA7D9}.Debug|Any CPU.Build.0 = Debug|Any CPU
		{AABCC2F8-1E73-4279-8414-15BCB9ECA7D9}.Release|Any CPU.ActiveCfg = Release|Any CPU
		{AABCC2F8-1E73-4279-8414-15BCB9ECA7D9}.Release|Any CPU.Build.0 = Release|Any CPU
		{2D9DE26A-69D2-4A15-B683-945DE9EF8F0B}.Debug|Any CPU.ActiveCfg = Debug|Any CPU
		{2D9DE26A-69D2-4A15-B683-945DE9EF8F0B}.Debug|Any CPU.Build.0 = Debug|Any CPU
		{2D9DE26A-69D2-4A15-B683-945DE9EF8F0B}.Release|Any CPU.ActiveCfg = Release|Any CPU
		{2D9DE26A-69D2-4A15-B683-945DE9EF8F0B}.Release|Any CPU.Build.0 = Release|Any CPU
		{B5D45274-1F10-4F5D-9428-283943C6A00E}.Debug|Any CPU.ActiveCfg = Debug|Any CPU
		{B5D45274-1F10-4F5D-9428-283943C6A00E}.Debug|Any CPU.Build.0 = Debug|Any CPU
		{B5D45274-1F10-4F5D-9428-283943C6A00E}.Release|Any CPU.ActiveCfg = Release|Any CPU
		{B5D45274-1F10-4F5D-9428-283943C6A00E}.Release|Any CPU.Build.0 = Release|Any CPU
	EndGlobalSection
	GlobalSection(SolutionProperties) = preSolution
		HideSolutionNode = FALSE
	EndGlobalSection
	GlobalSection(NestedProjects) = preSolution
		{8F527CC3-C3C1-47BD-AE7F-06555506DEC8} = {8DAB9E12-3561-4C22-A129-F447D845F70F}
		{68782E4F-4C4E-4D53-BD14-2DFCF4788B1E} = {431010BB-06D3-47E8-9D56-7B6A507B759C}
		{7DFE5740-49E9-4098-B4C5-A86B19130E37} = {431010BB-06D3-47E8-9D56-7B6A507B759C}
		{6B1C5B44-00FB-44FB-8A40-64EEC527EF0A} = {7DFE5740-49E9-4098-B4C5-A86B19130E37}
		{D8933D2C-5BEA-4EF8-B0F4-0A74D6761B1B} = {431010BB-06D3-47E8-9D56-7B6A507B759C}
		{1F7CAF3E-A08F-4643-89C3-5E1FAB8140C3} = {D8933D2C-5BEA-4EF8-B0F4-0A74D6761B1B}
		{B54011B4-3229-4641-BE39-004410CBE2CA} = {68782E4F-4C4E-4D53-BD14-2DFCF4788B1E}
		{20B611C2-9ADE-4457-A212-CB7CA413EEF5} = {431010BB-06D3-47E8-9D56-7B6A507B759C}
		{5EB04997-E254-4191-8706-E336A26E62CC} = {20B611C2-9ADE-4457-A212-CB7CA413EEF5}
		{243BE1B9-48C9-46CF-A5AD-E0FD29648396} = {8DAB9E12-3561-4C22-A129-F447D845F70F}
		{A2A6DD25-8E61-4D2B-B93A-5E13FDE37CD8} = {8DAB9E12-3561-4C22-A129-F447D845F70F}
		{D517BAA0-975C-4BED-9652-BA5812113C3B} = {A2A6DD25-8E61-4D2B-B93A-5E13FDE37CD8}
		{CAE7F1B0-FDF0-4AC2-829D-0A95F9EEF41F} = {D517BAA0-975C-4BED-9652-BA5812113C3B}
		{366CD6ED-795C-4BFD-9E64-D6C85618DDD1} = {A2A6DD25-8E61-4D2B-B93A-5E13FDE37CD8}
		{D6C783F2-4758-4B7C-B9C2-22FA7842CADB} = {366CD6ED-795C-4BFD-9E64-D6C85618DDD1}
		{B3C3D570-6010-45E2-A78E-F7947D3E5934} = {243BE1B9-48C9-46CF-A5AD-E0FD29648396}
		{54FC227E-A175-4550-A602-A6C676793F5C} = {243BE1B9-48C9-46CF-A5AD-E0FD29648396}
		{AABCC2F8-1E73-4279-8414-15BCB9ECA7D9} = {B3C3D570-6010-45E2-A78E-F7947D3E5934}
		{2D9DE26A-69D2-4A15-B683-945DE9EF8F0B} = {54FC227E-A175-4550-A602-A6C676793F5C}
		{C852A3D8-47CA-4339-986A-9116A760B086} = {243BE1B9-48C9-46CF-A5AD-E0FD29648396}
		{B5D45274-1F10-4F5D-9428-283943C6A00E} = {C852A3D8-47CA-4339-986A-9116A760B086}
	EndGlobalSection
	GlobalSection(ExtensibilityGlobals) = postSolution
		SolutionGuid = {8C616DEF-64BD-4FCF-BC82-2DCF0E9CF914}
	EndGlobalSection
EndGlobal
